
Microsoft Visual Studio Solution File, Format Version 12.00
# Visual Studio Version 17
VisualStudioVersion = 17.5.002.0
MinimumVisualStudioVersion = 10.0.40219.1
Project("{9A19103F-16F7-4668-BE54-9A1E7A4F7556}") = "MC_Eight_to_Ten", "MC_Eight_to_Ten.csproj", "{ECA05890-9DFD-45F5-B8CC-E8FD0E71CF55}"
EndProject
Global
	GlobalSection(SolutionConfigurationPlatforms) = preSolution
		Debug|Any CPU = Debug|Any CPU
		Release|Any CPU = Release|Any CPU
	EndGlobalSection
	GlobalSection(ProjectConfigurationPlatforms) = postSolution
		{ECA05890-9DFD-45F5-B8CC-E8FD0E71CF55}.Debug|Any CPU.ActiveCfg = Debug|Any CPU
		{ECA05890-9DFD-45F5-B8CC-E8FD0E71CF55}.Debug|Any CPU.Build.0 = Debug|Any CPU
		{ECA05890-9DFD-45F5-B8CC-E8FD0E71CF55}.Release|Any CPU.ActiveCfg = Release|Any CPU
		{ECA05890-9DFD-45F5-B8CC-E8FD0E71CF55}.Release|Any CPU.Build.0 = Release|Any CPU
	EndGlobalSection
	GlobalSection(SolutionProperties) = preSolution
		HideSolutionNode = FALSE
	EndGlobalSection
	GlobalSection(ExtensibilityGlobals) = postSolution
		SolutionGuid = {844D3333-0450-4AC9-B82C-99652502E98C}
	EndGlobalSection
EndGlobal
